// !$*UTF8*$!
{
	archiveVersion = 1;
	classes = {
	};
	objectVersion = 46;
	objects = {

/* Begin PBXBuildFile section */
		E86C2F841C856CDC00F6360F /* const_value.cpp in Sources */ = {isa = PBXBuildFile; fileRef = E86C2F821C856CDC00F6360F /* const_value.cpp */; };
		E89177AC1C72A09D002E0319 /* inl_nn_funcs.cpp in Sources */ = {isa = PBXBuildFile; fileRef = E89177AA1C72A09D002E0319 /* inl_nn_funcs.cpp */; };
		E89177B51C7A1697002E0319 /* err_function.cpp in Sources */ = {isa = PBXBuildFile; fileRef = E89177B31C7A1697002E0319 /* err_function.cpp */; };
		E89177D11C7AF6A6002E0319 /* act_function.cpp in Sources */ = {isa = PBXBuildFile; fileRef = E89177CF1C7AF6A6002E0319 /* act_function.cpp */; };
		E89177DA1C7C47A4002E0319 /* init_weight_function.cpp in Sources */ = {isa = PBXBuildFile; fileRef = E89177D81C7C47A4002E0319 /* init_weight_function.cpp */; };
		E89177DD1C7C4C65002E0319 /* inl_w_init_funcs.cpp in Sources */ = {isa = PBXBuildFile; fileRef = E89177DB1C7C4C65002E0319 /* inl_w_init_funcs.cpp */; };
		E89385BD1BFCC9A70012FAAA /* main.cpp in Sources */ = {isa = PBXBuildFile; fileRef = E89385BC1BFCC9A70012FAAA /* main.cpp */; };
		E89385C51BFCC9B90012FAAA /* base_layer.cpp in Sources */ = {isa = PBXBuildFile; fileRef = E89385C31BFCC9B90012FAAA /* base_layer.cpp */; };
		E89385CB1BFE20DD0012FAAA /* basic_nn_layer.cpp in Sources */ = {isa = PBXBuildFile; fileRef = E89385C91BFE20DD0012FAAA /* basic_nn_layer.cpp */; };
		E89385EA1C01C6DA0012FAAA /* hidden_layer.cpp in Sources */ = {isa = PBXBuildFile; fileRef = E89385E81C01C6DA0012FAAA /* hidden_layer.cpp */; };
		E89385ED1C0226720012FAAA /* output_layer.cpp in Sources */ = {isa = PBXBuildFile; fileRef = E89385EB1C0226720012FAAA /* output_layer.cpp */; };
		E8A7DE581C900F590091B4E5 /* normalization_layer.cpp in Sources */ = {isa = PBXBuildFile; fileRef = E8A7DE561C900F590091B4E5 /* normalization_layer.cpp */; };
		E8A7DE5B1C914AE40091B4E5 /* input_layer.cpp in Sources */ = {isa = PBXBuildFile; fileRef = E8A7DE591C914AE40091B4E5 /* input_layer.cpp */; };
		E8F871591C5B5668009839BD /* neural_network.cpp in Sources */ = {isa = PBXBuildFile; fileRef = E8F871571C5B5668009839BD /* neural_network.cpp */; };
/* End PBXBuildFile section */

/* Begin PBXCopyFilesBuildPhase section */
		E89385B71BFCC9A70012FAAA /* CopyFiles */ = {
			isa = PBXCopyFilesBuildPhase;
			buildActionMask = 2147483647;
			dstPath = /usr/share/man/man1/;
			dstSubfolderSpec = 0;
			files = (
			);
			runOnlyForDeploymentPostprocessing = 1;
		};
/* End PBXCopyFilesBuildPhase section */

/* Begin PBXFileReference section */
		E86C2F821C856CDC00F6360F /* const_value.cpp */ = {isa = PBXFileReference; fileEncoding = 4; lastKnownFileType = sourcecode.cpp.cpp; path = const_value.cpp; sourceTree = "<group>"; };
		E86C2F831C856CDC00F6360F /* const_value.hpp */ = {isa = PBXFileReference; fileEncoding = 4; lastKnownFileType = sourcecode.cpp.h; path = const_value.hpp; sourceTree = "<group>"; };
		E86C2F861C8978AD00F6360F /* act_function.hpp */ = {isa = PBXFileReference; lastKnownFileType = sourcecode.cpp.h; path = act_function.hpp; sourceTree = "<group>"; };
		E89177AA1C72A09D002E0319 /* inl_nn_funcs.cpp */ = {isa = PBXFileReference; fileEncoding = 4; lastKnownFileType = sourcecode.cpp.cpp; path = inl_nn_funcs.cpp; sourceTree = "<group>"; };
		E89177AB1C72A09D002E0319 /* inl_nn_funcs.hpp */ = {isa = PBXFileReference; fileEncoding = 4; lastKnownFileType = sourcecode.cpp.h; path = inl_nn_funcs.hpp; sourceTree = "<group>"; };
		E89177B31C7A1697002E0319 /* err_function.cpp */ = {isa = PBXFileReference; fileEncoding = 4; lastKnownFileType = sourcecode.cpp.cpp; path = err_function.cpp; sourceTree = "<group>"; };
		E89177B41C7A1697002E0319 /* err_function.hpp */ = {isa = PBXFileReference; fileEncoding = 4; lastKnownFileType = sourcecode.cpp.h; path = err_function.hpp; sourceTree = "<group>"; };
		E89177CF1C7AF6A6002E0319 /* act_function.cpp */ = {isa = PBXFileReference; fileEncoding = 4; lastKnownFileType = sourcecode.cpp.cpp; name = act_function.cpp; path = ../act_function.cpp; sourceTree = "<group>"; };
		E89177D81C7C47A4002E0319 /* init_weight_function.cpp */ = {isa = PBXFileReference; fileEncoding = 4; lastKnownFileType = sourcecode.cpp.cpp; name = init_weight_function.cpp; path = ../init_weight_function.cpp; sourceTree = "<group>"; };
		E89177D91C7C47A4002E0319 /* init_weight_function.hpp */ = {isa = PBXFileReference; fileEncoding = 4; lastKnownFileType = sourcecode.cpp.h; name = init_weight_function.hpp; path = ../init_weight_function.hpp; sourceTree = "<group>"; };
		E89177DB1C7C4C65002E0319 /* inl_w_init_funcs.cpp */ = {isa = PBXFileReference; fileEncoding = 4; lastKnownFileType = sourcecode.cpp.cpp; path = inl_w_init_funcs.cpp; sourceTree = "<group>"; };
		E89177DC1C7C4C65002E0319 /* inl_w_init_funcs.hpp */ = {isa = PBXFileReference; fileEncoding = 4; lastKnownFileType = sourcecode.cpp.h; path = inl_w_init_funcs.hpp; sourceTree = "<group>"; };
		E89385B91BFCC9A70012FAAA /* ConvolutionNeuralNetwork */ = {isa = PBXFileReference; explicitFileType = "compiled.mach-o.executable"; includeInIndex = 0; path = ConvolutionNeuralNetwork; sourceTree = BUILT_PRODUCTS_DIR; };
		E89385BC1BFCC9A70012FAAA /* main.cpp */ = {isa = PBXFileReference; lastKnownFileType = sourcecode.cpp.cpp; path = main.cpp; sourceTree = "<group>"; };
		E89385C31BFCC9B90012FAAA /* base_layer.cpp */ = {isa = PBXFileReference; fileEncoding = 4; lastKnownFileType = sourcecode.cpp.cpp; path = base_layer.cpp; sourceTree = "<group>"; };
		E89385C41BFCC9B90012FAAA /* base_layer.hpp */ = {isa = PBXFileReference; fileEncoding = 4; lastKnownFileType = sourcecode.cpp.h; path = base_layer.hpp; sourceTree = "<group>"; };
		E89385C91BFE20DD0012FAAA /* basic_nn_layer.cpp */ = {isa = PBXFileReference; fileEncoding = 4; lastKnownFileType = sourcecode.cpp.cpp; path = basic_nn_layer.cpp; sourceTree = "<group>"; };
		E89385CA1BFE20DD0012FAAA /* basic_nn_layer.hpp */ = {isa = PBXFileReference; fileEncoding = 4; lastKnownFileType = sourcecode.cpp.h; path = basic_nn_layer.hpp; sourceTree = "<group>"; };
		E89385E81C01C6DA0012FAAA /* hidden_layer.cpp */ = {isa = PBXFileReference; fileEncoding = 4; lastKnownFileType = sourcecode.cpp.cpp; path = hidden_layer.cpp; sourceTree = "<group>"; };
		E89385E91C01C6DA0012FAAA /* hidden_layer.hpp */ = {isa = PBXFileReference; fileEncoding = 4; lastKnownFileType = sourcecode.cpp.h; path = hidden_layer.hpp; sourceTree = "<group>"; };
		E89385EB1C0226720012FAAA /* output_layer.cpp */ = {isa = PBXFileReference; fileEncoding = 4; lastKnownFileType = sourcecode.cpp.cpp; path = output_layer.cpp; sourceTree = "<group>"; };
		E89385EC1C0226720012FAAA /* output_layer.hpp */ = {isa = PBXFileReference; fileEncoding = 4; lastKnownFileType = sourcecode.cpp.h; path = output_layer.hpp; sourceTree = "<group>"; };
		E8A7DE561C900F590091B4E5 /* normalization_layer.cpp */ = {isa = PBXFileReference; fileEncoding = 4; lastKnownFileType = sourcecode.cpp.cpp; path = normalization_layer.cpp; sourceTree = "<group>"; };
		E8A7DE571C900F590091B4E5 /* normalization_layer.hpp */ = {isa = PBXFileReference; fileEncoding = 4; lastKnownFileType = sourcecode.cpp.h; path = normalization_layer.hpp; sourceTree = "<group>"; };
		E8A7DE591C914AE40091B4E5 /* input_layer.cpp */ = {isa = PBXFileReference; fileEncoding = 4; lastKnownFileType = sourcecode.cpp.cpp; path = input_layer.cpp; sourceTree = "<group>"; };
		E8A7DE5A1C914AE40091B4E5 /* input_layer.hpp */ = {isa = PBXFileReference; fileEncoding = 4; lastKnownFileType = sourcecode.cpp.h; path = input_layer.hpp; sourceTree = "<group>"; };
		E8F871571C5B5668009839BD /* neural_network.cpp */ = {isa = PBXFileReference; fileEncoding = 4; lastKnownFileType = sourcecode.cpp.cpp; path = neural_network.cpp; sourceTree = "<group>"; };
		E8F871581C5B5668009839BD /* neural_network.hpp */ = {isa = PBXFileReference; fileEncoding = 4; lastKnownFileType = sourcecode.cpp.h; path = neural_network.hpp; sourceTree = "<group>"; };
/* End PBXFileReference section */

/* Begin PBXFrameworksBuildPhase section */
		E89385B61BFCC9A70012FAAA /* Frameworks */ = {
			isa = PBXFrameworksBuildPhase;
			buildActionMask = 2147483647;
			files = (
			);
			runOnlyForDeploymentPostprocessing = 0;
		};
/* End PBXFrameworksBuildPhase section */

/* Begin PBXGroup section */
		E89385B01BFCC9A70012FAAA = {
			isa = PBXGroup;
			children = (
				E89385BB1BFCC9A70012FAAA /* ConvolutionNeuralNetwork */,
				E89385BA1BFCC9A70012FAAA /* Products */,
			);
			sourceTree = "<group>";
		};
		E89385BA1BFCC9A70012FAAA /* Products */ = {
			isa = PBXGroup;
			children = (
				E89385B91BFCC9A70012FAAA /* ConvolutionNeuralNetwork */,
			);
			name = Products;
			sourceTree = "<group>";
		};
		E89385BB1BFCC9A70012FAAA /* ConvolutionNeuralNetwork */ = {
			isa = PBXGroup;
			children = (
				E89385BC1BFCC9A70012FAAA /* main.cpp */,
				E8F871571C5B5668009839BD /* neural_network.cpp */,
				E8F871581C5B5668009839BD /* neural_network.hpp */,
				E8A7DE501C9008700091B4E5 /* inline_functions */,
				E8A7DE4F1C90084C0091B4E5 /* layers */,
				E8A7DE511C9008A10091B4E5 /* constant_and misellaneous */,
				E8A7DE521C9008CF0091B4E5 /* function_classes */,
			);
			path = ConvolutionNeuralNetwork;
			sourceTree = "<group>";
		};
		E8A7DE4F1C90084C0091B4E5 /* layers */ = {
			isa = PBXGroup;
			children = (
				E89385C31BFCC9B90012FAAA /* base_layer.cpp */,
				E89385C41BFCC9B90012FAAA /* base_layer.hpp */,
				E8A7DE591C914AE40091B4E5 /* input_layer.cpp */,
				E8A7DE5A1C914AE40091B4E5 /* input_layer.hpp */,
				E89385C91BFE20DD0012FAAA /* basic_nn_layer.cpp */,
				E89385CA1BFE20DD0012FAAA /* basic_nn_layer.hpp */,
				E89385E81C01C6DA0012FAAA /* hidden_layer.cpp */,
				E89385E91C01C6DA0012FAAA /* hidden_layer.hpp */,
				E89385EB1C0226720012FAAA /* output_layer.cpp */,
				E89385EC1C0226720012FAAA /* output_layer.hpp */,
				E8A7DE561C900F590091B4E5 /* normalization_layer.cpp */,
				E8A7DE571C900F590091B4E5 /* normalization_layer.hpp */,
			);
			name = layers;
			sourceTree = "<group>";
		};
		E8A7DE501C9008700091B4E5 /* inline_functions */ = {
			isa = PBXGroup;
			children = (
				E89177DB1C7C4C65002E0319 /* inl_w_init_funcs.cpp */,
				E89177DC1C7C4C65002E0319 /* inl_w_init_funcs.hpp */,
				E89177AA1C72A09D002E0319 /* inl_nn_funcs.cpp */,
				E89177AB1C72A09D002E0319 /* inl_nn_funcs.hpp */,
			);
			name = inline_functions;
			sourceTree = "<group>";
		};
		E8A7DE511C9008A10091B4E5 /* constant_and misellaneous */ = {
			isa = PBXGroup;
			children = (
				E86C2F821C856CDC00F6360F /* const_value.cpp */,
				E86C2F831C856CDC00F6360F /* const_value.hpp */,
			);
			name = "constant_and misellaneous";
			sourceTree = "<group>";
		};
		E8A7DE521C9008CF0091B4E5 /* function_classes */ = {
			isa = PBXGroup;
			children = (
				E89177B41C7A1697002E0319 /* err_function.hpp */,
				E89177B31C7A1697002E0319 /* err_function.cpp */,
				E89177CF1C7AF6A6002E0319 /* act_function.cpp */,
				E86C2F861C8978AD00F6360F /* act_function.hpp */,
				E89177D81C7C47A4002E0319 /* init_weight_function.cpp */,
				E89177D91C7C47A4002E0319 /* init_weight_function.hpp */,
			);
			name = function_classes;
			sourceTree = "<group>";
		};
/* End PBXGroup section */

/* Begin PBXNativeTarget section */
		E89385B81BFCC9A70012FAAA /* ConvolutionNeuralNetwork */ = {
			isa = PBXNativeTarget;
			buildConfigurationList = E89385C01BFCC9A70012FAAA /* Build configuration list for PBXNativeTarget "ConvolutionNeuralNetwork" */;
			buildPhases = (
				E89385B51BFCC9A70012FAAA /* Sources */,
				E89385B61BFCC9A70012FAAA /* Frameworks */,
				E89385B71BFCC9A70012FAAA /* CopyFiles */,
			);
			buildRules = (
			);
			dependencies = (
			);
			name = ConvolutionNeuralNetwork;
			productName = ConvolutionNeuralNetwork;
			productReference = E89385B91BFCC9A70012FAAA /* ConvolutionNeuralNetwork */;
			productType = "com.apple.product-type.tool";
		};
/* End PBXNativeTarget section */

/* Begin PBXProject section */
		E89385B11BFCC9A70012FAAA /* Project object */ = {
			isa = PBXProject;
			attributes = {
				LastUpgradeCheck = 0720;
				ORGANIZATIONNAME = "Lin Hung-Shi";
				TargetAttributes = {
					E89385B81BFCC9A70012FAAA = {
						CreatedOnToolsVersion = 7.1;
					};
				};
			};
			buildConfigurationList = E89385B41BFCC9A70012FAAA /* Build configuration list for PBXProject "ConvolutionNeuralNetwork" */;
			compatibilityVersion = "Xcode 3.2";
			developmentRegion = English;
			hasScannedForEncodings = 0;
			knownRegions = (
				en,
			);
			mainGroup = E89385B01BFCC9A70012FAAA;
			productRefGroup = E89385BA1BFCC9A70012FAAA /* Products */;
			projectDirPath = "";
			projectRoot = "";
			targets = (
				E89385B81BFCC9A70012FAAA /* ConvolutionNeuralNetwork */,
			);
		};
/* End PBXProject section */

/* Begin PBXSourcesBuildPhase section */
		E89385B51BFCC9A70012FAAA /* Sources */ = {
			isa = PBXSourcesBuildPhase;
			buildActionMask = 2147483647;
			files = (
				E89385BD1BFCC9A70012FAAA /* main.cpp in Sources */,
				E89177AC1C72A09D002E0319 /* inl_nn_funcs.cpp in Sources */,
				E89177D11C7AF6A6002E0319 /* act_function.cpp in Sources */,
				E89385C51BFCC9B90012FAAA /* base_layer.cpp in Sources */,
				E89177B51C7A1697002E0319 /* err_function.cpp in Sources */,
				E8A7DE581C900F590091B4E5 /* normalization_layer.cpp in Sources */,
				E8A7DE5B1C914AE40091B4E5 /* input_layer.cpp in Sources */,
				E89177DD1C7C4C65002E0319 /* inl_w_init_funcs.cpp in Sources */,
				E89177DA1C7C47A4002E0319 /* init_weight_function.cpp in Sources */,
				E8F871591C5B5668009839BD /* neural_network.cpp in Sources */,
				E86C2F841C856CDC00F6360F /* const_value.cpp in Sources */,
				E89385ED1C0226720012FAAA /* output_layer.cpp in Sources */,
				E89385CB1BFE20DD0012FAAA /* basic_nn_layer.cpp in Sources */,
				E89385EA1C01C6DA0012FAAA /* hidden_layer.cpp in Sources */,
			);
			runOnlyForDeploymentPostprocessing = 0;
		};
/* End PBXSourcesBuildPhase section */

/* Begin XCBuildConfiguration section */
		E89385BE1BFCC9A70012FAAA /* Debug */ = {
			isa = XCBuildConfiguration;
			buildSettings = {
				ALWAYS_SEARCH_USER_PATHS = NO;
				CLANG_CXX_LANGUAGE_STANDARD = "gnu++0x";
				CLANG_CXX_LIBRARY = "libc++";
				CLANG_ENABLE_MODULES = YES;
				CLANG_ENABLE_OBJC_ARC = YES;
				CLANG_WARN_BOOL_CONVERSION = YES;
				CLANG_WARN_CONSTANT_CONVERSION = YES;
				CLANG_WARN_DIRECT_OBJC_ISA_USAGE = YES_ERROR;
				CLANG_WARN_EMPTY_BODY = YES;
				CLANG_WARN_ENUM_CONVERSION = YES;
				CLANG_WARN_INT_CONVERSION = YES;
				CLANG_WARN_OBJC_ROOT_CLASS = YES_ERROR;
				CLANG_WARN_UNREACHABLE_CODE = YES;
				CLANG_WARN__DUPLICATE_METHOD_MATCH = YES;
				CODE_SIGN_IDENTITY = "-";
				COPY_PHASE_STRIP = NO;
				DEBUG_INFORMATION_FORMAT = dwarf;
				ENABLE_STRICT_OBJC_MSGSEND = YES;
				ENABLE_TESTABILITY = YES;
				GCC_C_LANGUAGE_STANDARD = gnu99;
				GCC_DYNAMIC_NO_PIC = NO;
				GCC_NO_COMMON_BLOCKS = YES;
				GCC_OPTIMIZATION_LEVEL = 0;
				GCC_PREPROCESSOR_DEFINITIONS = (
					"DEBUG=1",
					"$(inherited)",
				);
				GCC_WARN_64_TO_32_BIT_CONVERSION = YES;
				GCC_WARN_ABOUT_RETURN_TYPE = YES_ERROR;
				GCC_WARN_UNDECLARED_SELECTOR = YES;
				GCC_WARN_UNINITIALIZED_AUTOS = YES_AGGRESSIVE;
				GCC_WARN_UNUSED_FUNCTION = YES;
				GCC_WARN_UNUSED_VARIABLE = YES;
				"HEADER_SEARCH_PATHS[arch=*]" = /usr/local/include;
				"LD_MAP_FILE_PATH[arch=*]" = "$(TARGET_TEMP_DIR)/$(PRODUCT_NAME)-LinkMap-$(CURRENT_VARIANT)-$(CURRENT_ARCH).txt";
				LIBRARY_SEARCH_PATHS = /usr/local/lib;
				MACOSX_DEPLOYMENT_TARGET = 10.11;
				MTL_ENABLE_DEBUG_INFO = YES;
				ONLY_ACTIVE_ARCH = YES;
				"OTHER_LDFLAGS[arch=*]" = "-larmadillo";
				SDKROOT = macosx;
			};
			name = Debug;
		};
		E89385BF1BFCC9A70012FAAA /* Release */ = {
			isa = XCBuildConfiguration;
			buildSettings = {
				ALWAYS_SEARCH_USER_PATHS = NO;
				CLANG_CXX_LANGUAGE_STANDARD = "gnu++0x";
				CLANG_CXX_LIBRARY = "libc++";
				CLANG_ENABLE_MODULES = YES;
				CLANG_ENABLE_OBJC_ARC = YES;
				CLANG_WARN_BOOL_CONVERSION = YES;
				CLANG_WARN_CONSTANT_CONVERSION = YES;
				CLANG_WARN_DIRECT_OBJC_ISA_USAGE = YES_ERROR;
				CLANG_WARN_EMPTY_BODY = YES;
				CLANG_WARN_ENUM_CONVERSION = YES;
				CLANG_WARN_INT_CONVERSION = YES;
				CLANG_WARN_OBJC_ROOT_CLASS = YES_ERROR;
				CLANG_WARN_UNREACHABLE_CODE = YES;
				CLANG_WARN__DUPLICATE_METHOD_MATCH = YES;
				CODE_SIGN_IDENTITY = "-";
				COPY_PHASE_STRIP = NO;
				DEBUG_INFORMATION_FORMAT = "dwarf-with-dsym";
				ENABLE_NS_ASSERTIONS = NO;
				ENABLE_STRICT_OBJC_MSGSEND = YES;
				GCC_C_LANGUAGE_STANDARD = gnu99;
				GCC_NO_COMMON_BLOCKS = YES;
				GCC_WARN_64_TO_32_BIT_CONVERSION = YES;
				GCC_WARN_ABOUT_RETURN_TYPE = YES_ERROR;
				GCC_WARN_UNDECLARED_SELECTOR = YES;
				GCC_WARN_UNINITIALIZED_AUTOS = YES_AGGRESSIVE;
				GCC_WARN_UNUSED_FUNCTION = YES;
				GCC_WARN_UNUSED_VARIABLE = YES;
				LIBRARY_SEARCH_PATHS = /usr/local/lib;
				MACOSX_DEPLOYMENT_TARGET = 10.11;
				MTL_ENABLE_DEBUG_INFO = NO;
				"OTHER_LDFLAGS[arch=*]" = "";
				SDKROOT = macosx;
			};
			name = Release;
		};
		E89385C11BFCC9A70012FAAA /* Debug */ = {
			isa = XCBuildConfiguration;
			buildSettings = {
				PRODUCT_NAME = "$(TARGET_NAME)";
			};
			name = Debug;
		};
		E89385C21BFCC9A70012FAAA /* Release */ = {
			isa = XCBuildConfiguration;
			buildSettings = {
				PRODUCT_NAME = "$(TARGET_NAME)";
			};
			name = Release;
		};
/* End XCBuildConfiguration section */

/* Begin XCConfigurationList section */
		E89385B41BFCC9A70012FAAA /* Build configuration list for PBXProject "ConvolutionNeuralNetwork" */ = {
			isa = XCConfigurationList;
			buildConfigurations = (
				E89385BE1BFCC9A70012FAAA /* Debug */,
				E89385BF1BFCC9A70012FAAA /* Release */,
			);
			defaultConfigurationIsVisible = 0;
			defaultConfigurationName = Release;
		};
		E89385C01BFCC9A70012FAAA /* Build configuration list for PBXNativeTarget "ConvolutionNeuralNetwork" */ = {
			isa = XCConfigurationList;
			buildConfigurations = (
				E89385C11BFCC9A70012FAAA /* Debug */,
				E89385C21BFCC9A70012FAAA /* Release */,
			);
			defaultConfigurationIsVisible = 0;
			defaultConfigurationName = Release;
		};
/* End XCConfigurationList section */
	};
	rootObject = E89385B11BFCC9A70012FAAA /* Project object */;
}
